
Microsoft Visual Studio Solution File, Format Version 12.00
# Visual Studio 15
VisualStudioVersion = 15.0.26206.0
MinimumVisualStudioVersion = 10.0.40219.1
Project("{9A19103F-16F7-4668-BE54-9A1E7A4F7556}") = "CompilerKit.Emit", "src\CompilerKit.Emit\CompilerKit.Emit.csproj", "{0094A033-E5CB-43EC-835C-56B903767A81}"
EndProject
Project("{9A19103F-16F7-4668-BE54-9A1E7A4F7556}") = "CompilerKit.Tests", "src\CompilerKit.Tests\CompilerKit.Tests.csproj", "{E29DF15A-2D06-4F2B-8B2D-1D32A7D52622}"
EndProject
Project("{9A19103F-16F7-4668-BE54-9A1E7A4F7556}") = "CompilerKit.Core", "src\CompilerKit.Core\CompilerKit.Core.csproj", "{15C45642-FEC2-4B69-841D-5D3B538FC3CD}"
EndProject
Global
	GlobalSection(SolutionConfigurationPlatforms) = preSolution
		Debug|Any CPU = Debug|Any CPU
		Release|Any CPU = Release|Any CPU
	EndGlobalSection
	GlobalSection(ProjectConfigurationPlatforms) = postSolution
		{0094A033-E5CB-43EC-835C-56B903767A81}.Debug|Any CPU.ActiveCfg = Debug|Any CPU
		{0094A033-E5CB-43EC-835C-56B903767A81}.Debug|Any CPU.Build.0 = Debug|Any CPU
		{0094A033-E5CB-43EC-835C-56B903767A81}.Release|Any CPU.ActiveCfg = Release|Any CPU
		{0094A033-E5CB-43EC-835C-56B903767A81}.Release|Any CPU.Build.0 = Release|Any CPU
		{E29DF15A-2D06-4F2B-8B2D-1D32A7D52622}.Debug|Any CPU.ActiveCfg = Debug|Any CPU
		{E29DF15A-2D06-4F2B-8B2D-1D32A7D52622}.Debug|Any CPU.Build.0 = Debug|Any CPU
		{E29DF15A-2D06-4F2B-8B2D-1D32A7D52622}.Release|Any CPU.ActiveCfg = Release|Any CPU
		{E29DF15A-2D06-4F2B-8B2D-1D32A7D52622}.Release|Any CPU.Build.0 = Release|Any CPU
		{15C45642-FEC2-4B69-841D-5D3B538FC3CD}.Debug|Any CPU.ActiveCfg = Debug|Any CPU
		{15C45642-FEC2-4B69-841D-5D3B538FC3CD}.Debug|Any CPU.Build.0 = Debug|Any CPU
		{15C45642-FEC2-4B69-841D-5D3B538FC3CD}.Release|Any CPU.ActiveCfg = Release|Any CPU
		{15C45642-FEC2-4B69-841D-5D3B538FC3CD}.Release|Any CPU.Build.0 = Release|Any CPU
	EndGlobalSection
	GlobalSection(SolutionProperties) = preSolution
		HideSolutionNode = FALSE
	EndGlobalSection
EndGlobal
