
Microsoft Visual Studio Solution File, Format Version 12.00
# Visual Studio 14
VisualStudioVersion = 14.0.24720.0
MinimumVisualStudioVersion = 10.0.40219.1
Project("{FAE04EC0-301F-11D3-BF4B-00C04F79EFBC}") = "CompilerKit.Emit", "CompilerKit.Emit\CompilerKit.Emit.csproj", "{40D7B18C-8D69-46D1-85F2-92ABEBA5644D}"
EndProject
Project("{FAE04EC0-301F-11D3-BF4B-00C04F79EFBC}") = "CompilerKit.Emit.Tests", "CompilerKit.Emit.Tests\CompilerKit.Emit.Tests.csproj", "{86CFF51F-CF05-419C-9A4E-58E20A80A0E5}"
EndProject
Project("{FAE04EC0-301F-11D3-BF4B-00C04F79EFBC}") = "CompilerKit.Core", "CompilerKit.Core\CompilerKit.Core.csproj", "{88E1F60F-EDCA-4B4F-B98A-FCD553704602}"
EndProject
Project("{FAE04EC0-301F-11D3-BF4B-00C04F79EFBC}") = "CompilerKit.Core.Tests", "CompilerKit.Core.Tests\CompilerKit.Core.Tests.csproj", "{41E260E0-255E-4116-BD9A-C7783958FA2E}"
EndProject
Global
	GlobalSection(SolutionConfigurationPlatforms) = preSolution
		Debug|Any CPU = Debug|Any CPU
		Release|Any CPU = Release|Any CPU
	EndGlobalSection
	GlobalSection(ProjectConfigurationPlatforms) = postSolution
		{40D7B18C-8D69-46D1-85F2-92ABEBA5644D}.Debug|Any CPU.ActiveCfg = Debug|Any CPU
		{40D7B18C-8D69-46D1-85F2-92ABEBA5644D}.Debug|Any CPU.Build.0 = Debug|Any CPU
		{40D7B18C-8D69-46D1-85F2-92ABEBA5644D}.Release|Any CPU.ActiveCfg = Release|Any CPU
		{40D7B18C-8D69-46D1-85F2-92ABEBA5644D}.Release|Any CPU.Build.0 = Release|Any CPU
		{86CFF51F-CF05-419C-9A4E-58E20A80A0E5}.Debug|Any CPU.ActiveCfg = Debug|Any CPU
		{86CFF51F-CF05-419C-9A4E-58E20A80A0E5}.Debug|Any CPU.Build.0 = Debug|Any CPU
		{86CFF51F-CF05-419C-9A4E-58E20A80A0E5}.Release|Any CPU.ActiveCfg = Release|Any CPU
		{86CFF51F-CF05-419C-9A4E-58E20A80A0E5}.Release|Any CPU.Build.0 = Release|Any CPU
		{88E1F60F-EDCA-4B4F-B98A-FCD553704602}.Debug|Any CPU.ActiveCfg = Debug|Any CPU
		{88E1F60F-EDCA-4B4F-B98A-FCD553704602}.Debug|Any CPU.Build.0 = Debug|Any CPU
		{88E1F60F-EDCA-4B4F-B98A-FCD553704602}.Release|Any CPU.ActiveCfg = Release|Any CPU
		{88E1F60F-EDCA-4B4F-B98A-FCD553704602}.Release|Any CPU.Build.0 = Release|Any CPU
		{41E260E0-255E-4116-BD9A-C7783958FA2E}.Debug|Any CPU.ActiveCfg = Debug|Any CPU
		{41E260E0-255E-4116-BD9A-C7783958FA2E}.Debug|Any CPU.Build.0 = Debug|Any CPU
		{41E260E0-255E-4116-BD9A-C7783958FA2E}.Release|Any CPU.ActiveCfg = Release|Any CPU
		{41E260E0-255E-4116-BD9A-C7783958FA2E}.Release|Any CPU.Build.0 = Release|Any CPU
	EndGlobalSection
	GlobalSection(SolutionProperties) = preSolution
		HideSolutionNode = FALSE
	EndGlobalSection
EndGlobal
